
Microsoft Visual Studio Solution File, Format Version 12.00
# Visual Studio Express 2013 for Web
VisualStudioVersion = 12.0.30723.0
MinimumVisualStudioVersion = 10.0.40219.1
Project("{FAE04EC0-301F-11D3-BF4B-00C04F79EFBC}") = "GoBro.Web", "GoBro.Web\GoBro.Web.csproj", "{DD8C8661-73F7-488E-906D-B56E61892B81}"
EndProject
Project("{FAE04EC0-301F-11D3-BF4B-00C04F79EFBC}") = "AdaptiveSoftware.AspNetIdentity.AzureTableStorage", "AdaptiveSoftware.AspNetIdentity.AzureTableStorage\AdaptiveSoftware.AspNetIdentity.AzureTableStorage.csproj", "{911E9A01-9D81-4A8D-8CAC-BC2A0F9F0B4B}"
EndProject
Project("{FAE04EC0-301F-11D3-BF4B-00C04F79EFBC}") = "GoBro.Core", "GoBro.Core\GoBro.Core.csproj", "{F3D957EA-0925-4290-A6CC-5208F97D9402}"
EndProject
Global
	GlobalSection(SolutionConfigurationPlatforms) = preSolution
		Debug|Any CPU = Debug|Any CPU
		Release|Any CPU = Release|Any CPU
	EndGlobalSection
	GlobalSection(ProjectConfigurationPlatforms) = postSolution
		{DD8C8661-73F7-488E-906D-B56E61892B81}.Debug|Any CPU.ActiveCfg = Debug|Any CPU
		{DD8C8661-73F7-488E-906D-B56E61892B81}.Debug|Any CPU.Build.0 = Debug|Any CPU
		{DD8C8661-73F7-488E-906D-B56E61892B81}.Release|Any CPU.ActiveCfg = Release|Any CPU
		{DD8C8661-73F7-488E-906D-B56E61892B81}.Release|Any CPU.Build.0 = Release|Any CPU
		{911E9A01-9D81-4A8D-8CAC-BC2A0F9F0B4B}.Debug|Any CPU.ActiveCfg = Debug|Any CPU
		{911E9A01-9D81-4A8D-8CAC-BC2A0F9F0B4B}.Debug|Any CPU.Build.0 = Debug|Any CPU
		{911E9A01-9D81-4A8D-8CAC-BC2A0F9F0B4B}.Release|Any CPU.ActiveCfg = Release|Any CPU
		{911E9A01-9D81-4A8D-8CAC-BC2A0F9F0B4B}.Release|Any CPU.Build.0 = Release|Any CPU
		{F3D957EA-0925-4290-A6CC-5208F97D9402}.Debug|Any CPU.ActiveCfg = Debug|Any CPU
		{F3D957EA-0925-4290-A6CC-5208F97D9402}.Debug|Any CPU.Build.0 = Debug|Any CPU
		{F3D957EA-0925-4290-A6CC-5208F97D9402}.Release|Any CPU.ActiveCfg = Release|Any CPU
		{F3D957EA-0925-4290-A6CC-5208F97D9402}.Release|Any CPU.Build.0 = Release|Any CPU
	EndGlobalSection
	GlobalSection(SolutionProperties) = preSolution
		HideSolutionNode = FALSE
	EndGlobalSection
EndGlobal
